
Microsoft Visual Studio Solution File, Format Version 12.00
# Visual Studio 15
VisualStudioVersion = 15.0.28307.1209
MinimumVisualStudioVersion = 10.0.40219.1
Project("{FAE04EC0-301F-11D3-BF4B-00C04F79EFBC}") = "DharDorkar", "DharDorkar\DharDorkar.csproj", "{A43F1BEE-79D4-4ACD-A661-7E727729A78E}"
EndProject
Global
	GlobalSection(SolutionConfigurationPlatforms) = preSolution
		Debug|Any CPU = Debug|Any CPU
		Release|Any CPU = Release|Any CPU
	EndGlobalSection
	GlobalSection(ProjectConfigurationPlatforms) = postSolution
		{A43F1BEE-79D4-4ACD-A661-7E727729A78E}.Debug|Any CPU.ActiveCfg = Debug|Any CPU
		{A43F1BEE-79D4-4ACD-A661-7E727729A78E}.Debug|Any CPU.Build.0 = Debug|Any CPU
		{A43F1BEE-79D4-4ACD-A661-7E727729A78E}.Release|Any CPU.ActiveCfg = Release|Any CPU
		{A43F1BEE-79D4-4ACD-A661-7E727729A78E}.Release|Any CPU.Build.0 = Release|Any CPU
	EndGlobalSection
	GlobalSection(SolutionProperties) = preSolution
		HideSolutionNode = FALSE
	EndGlobalSection
	GlobalSection(ExtensibilityGlobals) = postSolution
		SolutionGuid = {FE98920C-E51B-4B58-8F7B-09A56B8E416E}
	EndGlobalSection
EndGlobal
